{
	"name": "launcher",
	"version": "1.0.0",
	"lockfileVersion": 1,
	"requires": true,
	"dependencies": {
		"appcenter": {
			"version": "file:../../feature/appcenter"
		},
		"bigfolder": {
			"version": "file:../../feature/bigfolder"
		},
		"common": {
			"version": "file:../../common"
		},
		"form": {
			"version": "file:../../feature/form"
		},
		"gesturenavigation": {
			"version": "file:../../feature/gesturenavigation"
		},
		"pagedesktop": {
			"version": "file:../../feature/pagedesktop"
		},
		"recents": {
			"version": "file:../../feature/recents"
		},
		"smartdock": {
			"version": "file:../../feature/smartdock"
		}
	}
}
