{
	"name": "launcher",
	"version": "1.0.0",
	"lockfileVersion": 1,
	"requires": true,
	"dependencies": {
		"@ohos/bigfolder": {
			"version": "file:../../feature/bigfolder",
			"requires": {
				"@ohos/common": "file:../../common"
			},
			"dependencies": {
				"@ohos/common": {
					"version": "file:../../common"
				}
			}
		},
		"@ohos/common": {
			"version": "file:../../common"
		},
		"@ohos/form": {
			"version": "file:../../feature/form",
			"requires": {
				"@ohos/common": "file:../../common"
			},
			"dependencies": {
				"@ohos/common": {
					"version": "file:../../common"
				}
			}
		},
		"@ohos/gesturenavigation": {
			"version": "file:../../feature/gesturenavigation",
			"requires": {
				"@ohos/common": "file:../../common"
			},
			"dependencies": {
				"@ohos/common": {
					"version": "file:../../common"
				}
			}
		},
		"@ohos/numbadge": {
			"version": "file:../../feature/numbadge",
			"requires": {
				"@ohos/common": "file:../../common"
			},
			"dependencies": {
				"@ohos/common": {
					"version": "file:../../common"
				}
			}
		},
		"@ohos/pagedesktop": {
			"version": "file:../../feature/pagedesktop",
			"requires": {
				"@ohos/bigfolder": "file:../../feature/bigfolder",
				"@ohos/common": "file:../../common",
				"@ohos/form": "file:../../feature/form"
			},
			"dependencies": {
				"@ohos/bigfolder": {
					"version": "file:../../feature/bigfolder",
					"requires": {
						"@ohos/common": "file:../../common"
					},
					"dependencies": {
						"@ohos/common": {
							"version": "file:../../common"
						}
					}
				},
				"@ohos/common": {
					"version": "file:../../common"
				},
				"@ohos/form": {
					"version": "file:../../feature/form",
					"requires": {
						"@ohos/common": "file:../../common"
					},
					"dependencies": {
						"@ohos/common": {
							"version": "file:../../common"
						}
					}
				}
			}
		},
		"@ohos/recents": {
			"version": "file:../../feature/recents",
			"requires": {
				"@ohos/common": "file:../../common"
			},
			"dependencies": {
				"@ohos/common": {
					"version": "file:../../common"
				}
			}
		},
		"@ohos/smartdock": {
			"version": "file:../../feature/smartdock",
			"requires": {
				"@ohos/common": "file:../../common"
			},
			"dependencies": {
				"@ohos/common": {
					"version": "file:../../common"
				}
			}
		}
	}
}
