{
	"name": "@ohos/pagedesktop",
	"version": "1.0.0",
	"lockfileVersion": 1,
	"requires": true,
	"dependencies": {
		"@ohos/bigfolder": {
			"version": "file:../bigfolder",
			"requires": {
				"@ohos/common": "file:../../common"
			},
			"dependencies": {
				"@ohos/common": {
					"version": "file:../../common"
				}
			}
		},
		"@ohos/common": {
			"version": "file:../../common"
		},
		"@ohos/form": {
			"version": "file:../form",
			"requires": {
				"@ohos/common": "file:../../common"
			},
			"dependencies": {
				"@ohos/common": {
					"version": "file:../../common"
				}
			}
		}
	}
}
